
Microsoft Visual Studio Solution File, Format Version 12.00
# Visual Studio 2012
Project("{FAE04EC0-301F-11D3-BF4B-00C04F79EFBC}") = "Geese", "ApolloGeese\Geese.csproj", "{C942E5BC-B6C5-4DF1-808C-71736F045B3D}"
EndProject
Project("{FAE04EC0-301F-11D3-BF4B-00C04F79EFBC}") = "Duckling", "Duckling\Duckling.csproj", "{4E2886F5-A220-45E7-A3DA-D60A98F2AC2D}"
EndProject
Project("{FAE04EC0-301F-11D3-BF4B-00C04F79EFBC}") = "Utensils", "Utensils\Utensils.csproj", "{0B73FD96-BBDF-4A93-AA1D-6138FC6E6364}"
EndProject
Project("{FAE04EC0-301F-11D3-BF4B-00C04F79EFBC}") = "FlowOfOperations", "FlowOfOperations\FlowOfOperations.csproj", "{FF10A427-5CC9-4C4F-8AAA-FE6D65D66AE7}"
EndProject
Project("{FAE04EC0-301F-11D3-BF4B-00C04F79EFBC}") = "Data", "Databases\Data.csproj", "{9E729FC7-F412-46E5-847F-488E2E97BE9C}"
EndProject
Project("{FAE04EC0-301F-11D3-BF4B-00C04F79EFBC}") = "BasicHttpServer", "BasicHttpServer\BasicHttpServer.csproj", "{8C04E544-F8DF-4A27-A071-57DE8C407C72}"
EndProject
Project("{FAE04EC0-301F-11D3-BF4B-00C04F79EFBC}") = "Networking", "Networking\Networking.csproj", "{A7867D50-C305-4B0D-BF56-A7BA83D4C26D}"
EndProject
Project("{FAE04EC0-301F-11D3-BF4B-00C04F79EFBC}") = "Filesystem", "Filesystem\Filesystem.csproj", "{E5B87DA7-C47F-4FA3-A4C1-36DA206D9B7F}"
EndProject
Project("{FAE04EC0-301F-11D3-BF4B-00C04F79EFBC}") = "InputProcessing", "InputProcessing\InputProcessing.csproj", "{D359A93F-705D-4C95-A2F9-C8FDEEE9C4D4}"
EndProject
Project("{FAE04EC0-301F-11D3-BF4B-00C04F79EFBC}") = "OutputComposing", "OutputComposing\OutputComposing.csproj", "{8804751E-7D30-49ED-9EE6-198EFBE0A9F3}"
EndProject
Project("{FAE04EC0-301F-11D3-BF4B-00C04F79EFBC}") = "Navigation", "Navigation\Navigation.csproj", "{B02EA360-7127-409C-9223-9B33BB98E631}"
EndProject
Project("{FAE04EC0-301F-11D3-BF4B-00C04F79EFBC}") = "Auth", "Auth\Auth.csproj", "{7D645A0A-7F18-408A-9D4A-EC98F2FC374D}"
EndProject
Project("{FAE04EC0-301F-11D3-BF4B-00C04F79EFBC}") = "Loader", "Loader\Loader.csproj", "{D7D1C556-3224-4410-90E6-EB44DF551FEA}"
EndProject
Project("{FAE04EC0-301F-11D3-BF4B-00C04F79EFBC}") = "Http", "Http\Http.csproj", "{FC505C08-0BA6-46A0-90CE-147823D3F2A8}"
EndProject
Project("{FAE04EC0-301F-11D3-BF4B-00C04F79EFBC}") = "Game", "Graphical\Game.csproj", "{0AF976EF-9F73-48D9-9ED5-2B9CD86724D8}"
EndProject
Project("{FAE04EC0-301F-11D3-BF4B-00C04F79EFBC}") = "BCrypt", "BCrypt\BCrypt.csproj", "{C7708C32-7401-49C4-B5E7-B761564ACE7F}"
EndProject
Project("{FAE04EC0-301F-11D3-BF4B-00C04F79EFBC}") = "Testing", "Testing\Testing.csproj", "{7B1BAD3C-775E-4481-804C-1EB9479AFFF4}"
EndProject
Project("{FAE04EC0-301F-11D3-BF4B-00C04F79EFBC}") = "TestSuite", "TestSuite\TestSuite.csproj", "{4931BC50-5358-41B7-AAFE-46DC7A9CC9A6}"
EndProject
Global
	GlobalSection(SolutionConfigurationPlatforms) = preSolution
		Debug|Any CPU = Debug|Any CPU
		Debug|x86 = Debug|x86
		Production|Any CPU = Production|Any CPU
		Production|x86 = Production|x86
		Release!|Any CPU = Release!|Any CPU
		Release!|x86 = Release!|x86
		Release|Any CPU = Release|Any CPU
		Release|x86 = Release|x86
	EndGlobalSection
	GlobalSection(ProjectConfigurationPlatforms) = postSolution
		{0AF976EF-9F73-48D9-9ED5-2B9CD86724D8}.Debug|Any CPU.ActiveCfg = Debug|Any CPU
		{0AF976EF-9F73-48D9-9ED5-2B9CD86724D8}.Debug|Any CPU.Build.0 = Debug|Any CPU
		{0AF976EF-9F73-48D9-9ED5-2B9CD86724D8}.Debug|x86.ActiveCfg = Debug|Any CPU
		{0AF976EF-9F73-48D9-9ED5-2B9CD86724D8}.Debug|x86.Build.0 = Debug|Any CPU
		{0AF976EF-9F73-48D9-9ED5-2B9CD86724D8}.Production|Any CPU.ActiveCfg = Release|Any CPU
		{0AF976EF-9F73-48D9-9ED5-2B9CD86724D8}.Production|Any CPU.Build.0 = Release|Any CPU
		{0AF976EF-9F73-48D9-9ED5-2B9CD86724D8}.Production|x86.ActiveCfg = Release|Any CPU
		{0AF976EF-9F73-48D9-9ED5-2B9CD86724D8}.Release!|Any CPU.ActiveCfg = Release|Any CPU
		{0AF976EF-9F73-48D9-9ED5-2B9CD86724D8}.Release!|Any CPU.Build.0 = Release|Any CPU
		{0AF976EF-9F73-48D9-9ED5-2B9CD86724D8}.Release!|x86.ActiveCfg = Release|Any CPU
		{0AF976EF-9F73-48D9-9ED5-2B9CD86724D8}.Release|Any CPU.ActiveCfg = Release|Any CPU
		{0AF976EF-9F73-48D9-9ED5-2B9CD86724D8}.Release|x86.ActiveCfg = Release|Any CPU
		{0AF976EF-9F73-48D9-9ED5-2B9CD86724D8}.Release|x86.Build.0 = Release|Any CPU
		{0B73FD96-BBDF-4A93-AA1D-6138FC6E6364}.Debug|Any CPU.ActiveCfg = Debug|Any CPU
		{0B73FD96-BBDF-4A93-AA1D-6138FC6E6364}.Debug|Any CPU.Build.0 = Debug|Any CPU
		{0B73FD96-BBDF-4A93-AA1D-6138FC6E6364}.Debug|x86.ActiveCfg = Debug|Any CPU
		{0B73FD96-BBDF-4A93-AA1D-6138FC6E6364}.Debug|x86.Build.0 = Debug|Any CPU
		{0B73FD96-BBDF-4A93-AA1D-6138FC6E6364}.Production|Any CPU.ActiveCfg = Production|Any CPU
		{0B73FD96-BBDF-4A93-AA1D-6138FC6E6364}.Production|Any CPU.Build.0 = Production|Any CPU
		{0B73FD96-BBDF-4A93-AA1D-6138FC6E6364}.Production|x86.ActiveCfg = Production|Any CPU
		{0B73FD96-BBDF-4A93-AA1D-6138FC6E6364}.Release!|Any CPU.ActiveCfg = Release!|Any CPU
		{0B73FD96-BBDF-4A93-AA1D-6138FC6E6364}.Release!|Any CPU.Build.0 = Release!|Any CPU
		{0B73FD96-BBDF-4A93-AA1D-6138FC6E6364}.Release!|x86.ActiveCfg = Release!|Any CPU
		{0B73FD96-BBDF-4A93-AA1D-6138FC6E6364}.Release|Any CPU.ActiveCfg = Release|Any CPU
		{0B73FD96-BBDF-4A93-AA1D-6138FC6E6364}.Release|x86.ActiveCfg = Release|Any CPU
		{0B73FD96-BBDF-4A93-AA1D-6138FC6E6364}.Release|x86.Build.0 = Release|Any CPU
		{4931BC50-5358-41B7-AAFE-46DC7A9CC9A6}.Debug|Any CPU.ActiveCfg = Debug|x86
		{4931BC50-5358-41B7-AAFE-46DC7A9CC9A6}.Debug|Any CPU.Build.0 = Debug|x86
		{4931BC50-5358-41B7-AAFE-46DC7A9CC9A6}.Debug|x86.ActiveCfg = Debug|x86
		{4931BC50-5358-41B7-AAFE-46DC7A9CC9A6}.Debug|x86.Build.0 = Debug|x86
		{4931BC50-5358-41B7-AAFE-46DC7A9CC9A6}.Production|Any CPU.ActiveCfg = Debug|x86
		{4931BC50-5358-41B7-AAFE-46DC7A9CC9A6}.Production|Any CPU.Build.0 = Debug|x86
		{4931BC50-5358-41B7-AAFE-46DC7A9CC9A6}.Production|x86.ActiveCfg = Debug|x86
		{4931BC50-5358-41B7-AAFE-46DC7A9CC9A6}.Production|x86.Build.0 = Debug|x86
		{4931BC50-5358-41B7-AAFE-46DC7A9CC9A6}.Release!|Any CPU.ActiveCfg = Debug|x86
		{4931BC50-5358-41B7-AAFE-46DC7A9CC9A6}.Release!|Any CPU.Build.0 = Debug|x86
		{4931BC50-5358-41B7-AAFE-46DC7A9CC9A6}.Release!|x86.ActiveCfg = Debug|x86
		{4931BC50-5358-41B7-AAFE-46DC7A9CC9A6}.Release!|x86.Build.0 = Debug|x86
		{4931BC50-5358-41B7-AAFE-46DC7A9CC9A6}.Release|Any CPU.ActiveCfg = Release|x86
		{4931BC50-5358-41B7-AAFE-46DC7A9CC9A6}.Release|Any CPU.Build.0 = Release|x86
		{4931BC50-5358-41B7-AAFE-46DC7A9CC9A6}.Release|x86.ActiveCfg = Release|x86
		{4931BC50-5358-41B7-AAFE-46DC7A9CC9A6}.Release|x86.Build.0 = Release|x86
		{4E2886F5-A220-45E7-A3DA-D60A98F2AC2D}.Debug|Any CPU.ActiveCfg = Debug|Any CPU
		{4E2886F5-A220-45E7-A3DA-D60A98F2AC2D}.Debug|Any CPU.Build.0 = Debug|Any CPU
		{4E2886F5-A220-45E7-A3DA-D60A98F2AC2D}.Debug|x86.ActiveCfg = Debug|Any CPU
		{4E2886F5-A220-45E7-A3DA-D60A98F2AC2D}.Debug|x86.Build.0 = Debug|Any CPU
		{4E2886F5-A220-45E7-A3DA-D60A98F2AC2D}.Production|Any CPU.ActiveCfg = Production|Any CPU
		{4E2886F5-A220-45E7-A3DA-D60A98F2AC2D}.Production|Any CPU.Build.0 = Production|Any CPU
		{4E2886F5-A220-45E7-A3DA-D60A98F2AC2D}.Production|x86.ActiveCfg = Production|Any CPU
		{4E2886F5-A220-45E7-A3DA-D60A98F2AC2D}.Release!|Any CPU.ActiveCfg = Release!|Any CPU
		{4E2886F5-A220-45E7-A3DA-D60A98F2AC2D}.Release!|Any CPU.Build.0 = Release!|Any CPU
		{4E2886F5-A220-45E7-A3DA-D60A98F2AC2D}.Release!|x86.ActiveCfg = Release!|Any CPU
		{4E2886F5-A220-45E7-A3DA-D60A98F2AC2D}.Release|Any CPU.ActiveCfg = Release|Any CPU
		{4E2886F5-A220-45E7-A3DA-D60A98F2AC2D}.Release|x86.ActiveCfg = Release|Any CPU
		{4E2886F5-A220-45E7-A3DA-D60A98F2AC2D}.Release|x86.Build.0 = Release|Any CPU
		{7B1BAD3C-775E-4481-804C-1EB9479AFFF4}.Debug|Any CPU.ActiveCfg = Debug|Any CPU
		{7B1BAD3C-775E-4481-804C-1EB9479AFFF4}.Debug|Any CPU.Build.0 = Debug|Any CPU
		{7B1BAD3C-775E-4481-804C-1EB9479AFFF4}.Debug|x86.ActiveCfg = Debug|Any CPU
		{7B1BAD3C-775E-4481-804C-1EB9479AFFF4}.Debug|x86.Build.0 = Debug|Any CPU
		{7B1BAD3C-775E-4481-804C-1EB9479AFFF4}.Production|Any CPU.ActiveCfg = Release|Any CPU
		{7B1BAD3C-775E-4481-804C-1EB9479AFFF4}.Production|Any CPU.Build.0 = Release|Any CPU
		{7B1BAD3C-775E-4481-804C-1EB9479AFFF4}.Production|x86.ActiveCfg = Release|Any CPU
		{7B1BAD3C-775E-4481-804C-1EB9479AFFF4}.Production|x86.Build.0 = Release|Any CPU
		{7B1BAD3C-775E-4481-804C-1EB9479AFFF4}.Release!|Any CPU.ActiveCfg = Release|Any CPU
		{7B1BAD3C-775E-4481-804C-1EB9479AFFF4}.Release!|Any CPU.Build.0 = Release|Any CPU
		{7B1BAD3C-775E-4481-804C-1EB9479AFFF4}.Release!|x86.ActiveCfg = Release|Any CPU
		{7B1BAD3C-775E-4481-804C-1EB9479AFFF4}.Release!|x86.Build.0 = Release|Any CPU
		{7B1BAD3C-775E-4481-804C-1EB9479AFFF4}.Release|Any CPU.ActiveCfg = Release|Any CPU
		{7B1BAD3C-775E-4481-804C-1EB9479AFFF4}.Release|Any CPU.Build.0 = Release|Any CPU
		{7B1BAD3C-775E-4481-804C-1EB9479AFFF4}.Release|x86.ActiveCfg = Release|Any CPU
		{7B1BAD3C-775E-4481-804C-1EB9479AFFF4}.Release|x86.Build.0 = Release|Any CPU
		{7D645A0A-7F18-408A-9D4A-EC98F2FC374D}.Debug|Any CPU.ActiveCfg = Debug|Any CPU
		{7D645A0A-7F18-408A-9D4A-EC98F2FC374D}.Debug|Any CPU.Build.0 = Debug|Any CPU
		{7D645A0A-7F18-408A-9D4A-EC98F2FC374D}.Debug|x86.ActiveCfg = Debug|Any CPU
		{7D645A0A-7F18-408A-9D4A-EC98F2FC374D}.Debug|x86.Build.0 = Debug|Any CPU
		{7D645A0A-7F18-408A-9D4A-EC98F2FC374D}.Production|Any CPU.ActiveCfg = Release|Any CPU
		{7D645A0A-7F18-408A-9D4A-EC98F2FC374D}.Production|Any CPU.Build.0 = Release|Any CPU
		{7D645A0A-7F18-408A-9D4A-EC98F2FC374D}.Production|x86.ActiveCfg = Release!|Any CPU
		{7D645A0A-7F18-408A-9D4A-EC98F2FC374D}.Release!|Any CPU.ActiveCfg = Release!|Any CPU
		{7D645A0A-7F18-408A-9D4A-EC98F2FC374D}.Release!|Any CPU.Build.0 = Release!|Any CPU
		{7D645A0A-7F18-408A-9D4A-EC98F2FC374D}.Release!|x86.ActiveCfg = Release!|Any CPU
		{7D645A0A-7F18-408A-9D4A-EC98F2FC374D}.Release|Any CPU.ActiveCfg = Release|Any CPU
		{7D645A0A-7F18-408A-9D4A-EC98F2FC374D}.Release|x86.ActiveCfg = Release|Any CPU
		{7D645A0A-7F18-408A-9D4A-EC98F2FC374D}.Release|x86.Build.0 = Release|Any CPU
		{8804751E-7D30-49ED-9EE6-198EFBE0A9F3}.Debug|Any CPU.ActiveCfg = Debug|Any CPU
		{8804751E-7D30-49ED-9EE6-198EFBE0A9F3}.Debug|Any CPU.Build.0 = Debug|Any CPU
		{8804751E-7D30-49ED-9EE6-198EFBE0A9F3}.Debug|x86.ActiveCfg = Debug|Any CPU
		{8804751E-7D30-49ED-9EE6-198EFBE0A9F3}.Debug|x86.Build.0 = Debug|Any CPU
		{8804751E-7D30-49ED-9EE6-198EFBE0A9F3}.Production|Any CPU.ActiveCfg = Release|Any CPU
		{8804751E-7D30-49ED-9EE6-198EFBE0A9F3}.Production|Any CPU.Build.0 = Release|Any CPU
		{8804751E-7D30-49ED-9EE6-198EFBE0A9F3}.Production|x86.ActiveCfg = Release!|Any CPU
		{8804751E-7D30-49ED-9EE6-198EFBE0A9F3}.Release!|Any CPU.ActiveCfg = Release!|Any CPU
		{8804751E-7D30-49ED-9EE6-198EFBE0A9F3}.Release!|Any CPU.Build.0 = Release!|Any CPU
		{8804751E-7D30-49ED-9EE6-198EFBE0A9F3}.Release!|x86.ActiveCfg = Release!|Any CPU
		{8804751E-7D30-49ED-9EE6-198EFBE0A9F3}.Release|Any CPU.ActiveCfg = Release|Any CPU
		{8804751E-7D30-49ED-9EE6-198EFBE0A9F3}.Release|x86.ActiveCfg = Release|Any CPU
		{8804751E-7D30-49ED-9EE6-198EFBE0A9F3}.Release|x86.Build.0 = Release|Any CPU
		{8C04E544-F8DF-4A27-A071-57DE8C407C72}.Debug|Any CPU.ActiveCfg = Debug|Any CPU
		{8C04E544-F8DF-4A27-A071-57DE8C407C72}.Debug|Any CPU.Build.0 = Debug|Any CPU
		{8C04E544-F8DF-4A27-A071-57DE8C407C72}.Debug|x86.ActiveCfg = Debug|Any CPU
		{8C04E544-F8DF-4A27-A071-57DE8C407C72}.Debug|x86.Build.0 = Debug|Any CPU
		{8C04E544-F8DF-4A27-A071-57DE8C407C72}.Production|Any CPU.ActiveCfg = Release|Any CPU
		{8C04E544-F8DF-4A27-A071-57DE8C407C72}.Production|Any CPU.Build.0 = Release|Any CPU
		{8C04E544-F8DF-4A27-A071-57DE8C407C72}.Production|x86.ActiveCfg = Release!|Any CPU
		{8C04E544-F8DF-4A27-A071-57DE8C407C72}.Release!|Any CPU.ActiveCfg = Release!|Any CPU
		{8C04E544-F8DF-4A27-A071-57DE8C407C72}.Release!|Any CPU.Build.0 = Release!|Any CPU
		{8C04E544-F8DF-4A27-A071-57DE8C407C72}.Release!|x86.ActiveCfg = Release!|Any CPU
		{8C04E544-F8DF-4A27-A071-57DE8C407C72}.Release|Any CPU.ActiveCfg = Release|Any CPU
		{8C04E544-F8DF-4A27-A071-57DE8C407C72}.Release|x86.ActiveCfg = Release|Any CPU
		{8C04E544-F8DF-4A27-A071-57DE8C407C72}.Release|x86.Build.0 = Release|Any CPU
		{9E729FC7-F412-46E5-847F-488E2E97BE9C}.Debug|Any CPU.ActiveCfg = Debug|Any CPU
		{9E729FC7-F412-46E5-847F-488E2E97BE9C}.Debug|Any CPU.Build.0 = Debug|Any CPU
		{9E729FC7-F412-46E5-847F-488E2E97BE9C}.Debug|x86.ActiveCfg = Debug|Any CPU
		{9E729FC7-F412-46E5-847F-488E2E97BE9C}.Debug|x86.Build.0 = Debug|Any CPU
		{9E729FC7-F412-46E5-847F-488E2E97BE9C}.Production|Any CPU.ActiveCfg = Release|Any CPU
		{9E729FC7-F412-46E5-847F-488E2E97BE9C}.Production|Any CPU.Build.0 = Release|Any CPU
		{9E729FC7-F412-46E5-847F-488E2E97BE9C}.Production|x86.ActiveCfg = Release!|Any CPU
		{9E729FC7-F412-46E5-847F-488E2E97BE9C}.Release!|Any CPU.ActiveCfg = Release!|Any CPU
		{9E729FC7-F412-46E5-847F-488E2E97BE9C}.Release!|Any CPU.Build.0 = Release!|Any CPU
		{9E729FC7-F412-46E5-847F-488E2E97BE9C}.Release!|x86.ActiveCfg = Release!|Any CPU
		{9E729FC7-F412-46E5-847F-488E2E97BE9C}.Release|Any CPU.ActiveCfg = Release|Any CPU
		{9E729FC7-F412-46E5-847F-488E2E97BE9C}.Release|x86.ActiveCfg = Release|Any CPU
		{9E729FC7-F412-46E5-847F-488E2E97BE9C}.Release|x86.Build.0 = Release|Any CPU
		{A7867D50-C305-4B0D-BF56-A7BA83D4C26D}.Debug|Any CPU.ActiveCfg = Debug|Any CPU
		{A7867D50-C305-4B0D-BF56-A7BA83D4C26D}.Debug|Any CPU.Build.0 = Debug|Any CPU
		{A7867D50-C305-4B0D-BF56-A7BA83D4C26D}.Debug|x86.ActiveCfg = Debug|Any CPU
		{A7867D50-C305-4B0D-BF56-A7BA83D4C26D}.Debug|x86.Build.0 = Debug|Any CPU
		{A7867D50-C305-4B0D-BF56-A7BA83D4C26D}.Production|Any CPU.ActiveCfg = Release|Any CPU
		{A7867D50-C305-4B0D-BF56-A7BA83D4C26D}.Production|Any CPU.Build.0 = Release|Any CPU
		{A7867D50-C305-4B0D-BF56-A7BA83D4C26D}.Production|x86.ActiveCfg = Release!|Any CPU
		{A7867D50-C305-4B0D-BF56-A7BA83D4C26D}.Release!|Any CPU.ActiveCfg = Release!|Any CPU
		{A7867D50-C305-4B0D-BF56-A7BA83D4C26D}.Release!|Any CPU.Build.0 = Release!|Any CPU
		{A7867D50-C305-4B0D-BF56-A7BA83D4C26D}.Release!|x86.ActiveCfg = Release!|Any CPU
		{A7867D50-C305-4B0D-BF56-A7BA83D4C26D}.Release|Any CPU.ActiveCfg = Release|Any CPU
		{A7867D50-C305-4B0D-BF56-A7BA83D4C26D}.Release|x86.ActiveCfg = Release|Any CPU
		{A7867D50-C305-4B0D-BF56-A7BA83D4C26D}.Release|x86.Build.0 = Release|Any CPU
		{B02EA360-7127-409C-9223-9B33BB98E631}.Debug|Any CPU.ActiveCfg = Debug|Any CPU
		{B02EA360-7127-409C-9223-9B33BB98E631}.Debug|Any CPU.Build.0 = Debug|Any CPU
		{B02EA360-7127-409C-9223-9B33BB98E631}.Debug|x86.ActiveCfg = Debug|Any CPU
		{B02EA360-7127-409C-9223-9B33BB98E631}.Debug|x86.Build.0 = Debug|Any CPU
		{B02EA360-7127-409C-9223-9B33BB98E631}.Production|Any CPU.ActiveCfg = Release|Any CPU
		{B02EA360-7127-409C-9223-9B33BB98E631}.Production|Any CPU.Build.0 = Release|Any CPU
		{B02EA360-7127-409C-9223-9B33BB98E631}.Production|x86.ActiveCfg = Release!|Any CPU
		{B02EA360-7127-409C-9223-9B33BB98E631}.Release!|Any CPU.ActiveCfg = Release!|Any CPU
		{B02EA360-7127-409C-9223-9B33BB98E631}.Release!|Any CPU.Build.0 = Release!|Any CPU
		{B02EA360-7127-409C-9223-9B33BB98E631}.Release!|x86.ActiveCfg = Release!|Any CPU
		{B02EA360-7127-409C-9223-9B33BB98E631}.Release|Any CPU.ActiveCfg = Release|Any CPU
		{B02EA360-7127-409C-9223-9B33BB98E631}.Release|x86.ActiveCfg = Release|Any CPU
		{B02EA360-7127-409C-9223-9B33BB98E631}.Release|x86.Build.0 = Release|Any CPU
		{C7708C32-7401-49C4-B5E7-B761564ACE7F}.Debug|Any CPU.ActiveCfg = Debug|Any CPU
		{C7708C32-7401-49C4-B5E7-B761564ACE7F}.Debug|Any CPU.Build.0 = Debug|Any CPU
		{C7708C32-7401-49C4-B5E7-B761564ACE7F}.Debug|x86.ActiveCfg = Debug|Any CPU
		{C7708C32-7401-49C4-B5E7-B761564ACE7F}.Debug|x86.Build.0 = Debug|Any CPU
		{C7708C32-7401-49C4-B5E7-B761564ACE7F}.Production|Any CPU.ActiveCfg = Release|Any CPU
		{C7708C32-7401-49C4-B5E7-B761564ACE7F}.Production|Any CPU.Build.0 = Release|Any CPU
		{C7708C32-7401-49C4-B5E7-B761564ACE7F}.Production|x86.ActiveCfg = Release|Any CPU
		{C7708C32-7401-49C4-B5E7-B761564ACE7F}.Production|x86.Build.0 = Release|Any CPU
		{C7708C32-7401-49C4-B5E7-B761564ACE7F}.Release!|Any CPU.ActiveCfg = Release|Any CPU
		{C7708C32-7401-49C4-B5E7-B761564ACE7F}.Release!|Any CPU.Build.0 = Release|Any CPU
		{C7708C32-7401-49C4-B5E7-B761564ACE7F}.Release!|x86.ActiveCfg = Release|Any CPU
		{C7708C32-7401-49C4-B5E7-B761564ACE7F}.Release!|x86.Build.0 = Release|Any CPU
		{C7708C32-7401-49C4-B5E7-B761564ACE7F}.Release|Any CPU.ActiveCfg = Release|Any CPU
		{C7708C32-7401-49C4-B5E7-B761564ACE7F}.Release|Any CPU.Build.0 = Release|Any CPU
		{C7708C32-7401-49C4-B5E7-B761564ACE7F}.Release|x86.ActiveCfg = Release|Any CPU
		{C7708C32-7401-49C4-B5E7-B761564ACE7F}.Release|x86.Build.0 = Release|Any CPU
		{C942E5BC-B6C5-4DF1-808C-71736F045B3D}.Debug|Any CPU.ActiveCfg = Debug|Any CPU
		{C942E5BC-B6C5-4DF1-808C-71736F045B3D}.Debug|Any CPU.Build.0 = Debug|Any CPU
		{C942E5BC-B6C5-4DF1-808C-71736F045B3D}.Debug|x86.ActiveCfg = Debug|x86
		{C942E5BC-B6C5-4DF1-808C-71736F045B3D}.Debug|x86.Build.0 = Debug|x86
		{C942E5BC-B6C5-4DF1-808C-71736F045B3D}.Production|Any CPU.ActiveCfg = Production|Any CPU
		{C942E5BC-B6C5-4DF1-808C-71736F045B3D}.Production|Any CPU.Build.0 = Production|Any CPU
		{C942E5BC-B6C5-4DF1-808C-71736F045B3D}.Production|x86.ActiveCfg = Production|Any CPU
		{C942E5BC-B6C5-4DF1-808C-71736F045B3D}.Release!|Any CPU.ActiveCfg = Release!|Any CPU
		{C942E5BC-B6C5-4DF1-808C-71736F045B3D}.Release!|Any CPU.Build.0 = Release!|Any CPU
		{C942E5BC-B6C5-4DF1-808C-71736F045B3D}.Release!|x86.ActiveCfg = Release!|Any CPU
		{C942E5BC-B6C5-4DF1-808C-71736F045B3D}.Release|Any CPU.ActiveCfg = Release|x86
		{C942E5BC-B6C5-4DF1-808C-71736F045B3D}.Release|x86.ActiveCfg = Release|x86
		{C942E5BC-B6C5-4DF1-808C-71736F045B3D}.Release|x86.Build.0 = Release|x86
		{D359A93F-705D-4C95-A2F9-C8FDEEE9C4D4}.Debug|Any CPU.ActiveCfg = Debug|Any CPU
		{D359A93F-705D-4C95-A2F9-C8FDEEE9C4D4}.Debug|Any CPU.Build.0 = Debug|Any CPU
		{D359A93F-705D-4C95-A2F9-C8FDEEE9C4D4}.Debug|x86.ActiveCfg = Debug|Any CPU
		{D359A93F-705D-4C95-A2F9-C8FDEEE9C4D4}.Debug|x86.Build.0 = Debug|Any CPU
		{D359A93F-705D-4C95-A2F9-C8FDEEE9C4D4}.Production|Any CPU.ActiveCfg = Release|Any CPU
		{D359A93F-705D-4C95-A2F9-C8FDEEE9C4D4}.Production|Any CPU.Build.0 = Release|Any CPU
		{D359A93F-705D-4C95-A2F9-C8FDEEE9C4D4}.Production|x86.ActiveCfg = Release!|Any CPU
		{D359A93F-705D-4C95-A2F9-C8FDEEE9C4D4}.Release!|Any CPU.ActiveCfg = Release!|Any CPU
		{D359A93F-705D-4C95-A2F9-C8FDEEE9C4D4}.Release!|Any CPU.Build.0 = Release!|Any CPU
		{D359A93F-705D-4C95-A2F9-C8FDEEE9C4D4}.Release!|x86.ActiveCfg = Release!|Any CPU
		{D359A93F-705D-4C95-A2F9-C8FDEEE9C4D4}.Release|Any CPU.ActiveCfg = Release|Any CPU
		{D359A93F-705D-4C95-A2F9-C8FDEEE9C4D4}.Release|x86.ActiveCfg = Release|Any CPU
		{D359A93F-705D-4C95-A2F9-C8FDEEE9C4D4}.Release|x86.Build.0 = Release|Any CPU
		{D7D1C556-3224-4410-90E6-EB44DF551FEA}.Debug|Any CPU.ActiveCfg = Debug|Any CPU
		{D7D1C556-3224-4410-90E6-EB44DF551FEA}.Debug|Any CPU.Build.0 = Debug|Any CPU
		{D7D1C556-3224-4410-90E6-EB44DF551FEA}.Debug|x86.ActiveCfg = Debug|Any CPU
		{D7D1C556-3224-4410-90E6-EB44DF551FEA}.Debug|x86.Build.0 = Debug|Any CPU
		{D7D1C556-3224-4410-90E6-EB44DF551FEA}.Production|Any CPU.ActiveCfg = Release|Any CPU
		{D7D1C556-3224-4410-90E6-EB44DF551FEA}.Production|Any CPU.Build.0 = Release|Any CPU
		{D7D1C556-3224-4410-90E6-EB44DF551FEA}.Production|x86.ActiveCfg = Release!|Any CPU
		{D7D1C556-3224-4410-90E6-EB44DF551FEA}.Release!|Any CPU.ActiveCfg = Release!|Any CPU
		{D7D1C556-3224-4410-90E6-EB44DF551FEA}.Release!|Any CPU.Build.0 = Release!|Any CPU
		{D7D1C556-3224-4410-90E6-EB44DF551FEA}.Release!|x86.ActiveCfg = Release!|Any CPU
		{D7D1C556-3224-4410-90E6-EB44DF551FEA}.Release|Any CPU.ActiveCfg = Release|Any CPU
		{D7D1C556-3224-4410-90E6-EB44DF551FEA}.Release|x86.ActiveCfg = Release|Any CPU
		{D7D1C556-3224-4410-90E6-EB44DF551FEA}.Release|x86.Build.0 = Release|Any CPU
		{E5B87DA7-C47F-4FA3-A4C1-36DA206D9B7F}.Debug|Any CPU.ActiveCfg = Debug|Any CPU
		{E5B87DA7-C47F-4FA3-A4C1-36DA206D9B7F}.Debug|Any CPU.Build.0 = Debug|Any CPU
		{E5B87DA7-C47F-4FA3-A4C1-36DA206D9B7F}.Debug|x86.ActiveCfg = Debug|Any CPU
		{E5B87DA7-C47F-4FA3-A4C1-36DA206D9B7F}.Debug|x86.Build.0 = Debug|Any CPU
		{E5B87DA7-C47F-4FA3-A4C1-36DA206D9B7F}.Production|Any CPU.ActiveCfg = Release|Any CPU
		{E5B87DA7-C47F-4FA3-A4C1-36DA206D9B7F}.Production|Any CPU.Build.0 = Release|Any CPU
		{E5B87DA7-C47F-4FA3-A4C1-36DA206D9B7F}.Production|x86.ActiveCfg = Release!|Any CPU
		{E5B87DA7-C47F-4FA3-A4C1-36DA206D9B7F}.Release!|Any CPU.ActiveCfg = Release!|Any CPU
		{E5B87DA7-C47F-4FA3-A4C1-36DA206D9B7F}.Release!|Any CPU.Build.0 = Release!|Any CPU
		{E5B87DA7-C47F-4FA3-A4C1-36DA206D9B7F}.Release!|x86.ActiveCfg = Release!|Any CPU
		{E5B87DA7-C47F-4FA3-A4C1-36DA206D9B7F}.Release|Any CPU.ActiveCfg = Release|Any CPU
		{E5B87DA7-C47F-4FA3-A4C1-36DA206D9B7F}.Release|x86.ActiveCfg = Release|Any CPU
		{E5B87DA7-C47F-4FA3-A4C1-36DA206D9B7F}.Release|x86.Build.0 = Release|Any CPU
		{FC505C08-0BA6-46A0-90CE-147823D3F2A8}.Debug|Any CPU.ActiveCfg = Debug|Any CPU
		{FC505C08-0BA6-46A0-90CE-147823D3F2A8}.Debug|Any CPU.Build.0 = Debug|Any CPU
		{FC505C08-0BA6-46A0-90CE-147823D3F2A8}.Debug|x86.ActiveCfg = Debug|Any CPU
		{FC505C08-0BA6-46A0-90CE-147823D3F2A8}.Debug|x86.Build.0 = Debug|Any CPU
		{FC505C08-0BA6-46A0-90CE-147823D3F2A8}.Production|Any CPU.ActiveCfg = Release|Any CPU
		{FC505C08-0BA6-46A0-90CE-147823D3F2A8}.Production|Any CPU.Build.0 = Release|Any CPU
		{FC505C08-0BA6-46A0-90CE-147823D3F2A8}.Production|x86.ActiveCfg = Release!|Any CPU
		{FC505C08-0BA6-46A0-90CE-147823D3F2A8}.Release!|Any CPU.ActiveCfg = Release!|Any CPU
		{FC505C08-0BA6-46A0-90CE-147823D3F2A8}.Release!|Any CPU.Build.0 = Release!|Any CPU
		{FC505C08-0BA6-46A0-90CE-147823D3F2A8}.Release!|x86.ActiveCfg = Release!|Any CPU
		{FC505C08-0BA6-46A0-90CE-147823D3F2A8}.Release|Any CPU.ActiveCfg = Release|Any CPU
		{FC505C08-0BA6-46A0-90CE-147823D3F2A8}.Release|x86.ActiveCfg = Release|Any CPU
		{FC505C08-0BA6-46A0-90CE-147823D3F2A8}.Release|x86.Build.0 = Release|Any CPU
		{FF10A427-5CC9-4C4F-8AAA-FE6D65D66AE7}.Debug|Any CPU.ActiveCfg = Debug|Any CPU
		{FF10A427-5CC9-4C4F-8AAA-FE6D65D66AE7}.Debug|Any CPU.Build.0 = Debug|Any CPU
		{FF10A427-5CC9-4C4F-8AAA-FE6D65D66AE7}.Debug|x86.ActiveCfg = Debug|Any CPU
		{FF10A427-5CC9-4C4F-8AAA-FE6D65D66AE7}.Debug|x86.Build.0 = Debug|Any CPU
		{FF10A427-5CC9-4C4F-8AAA-FE6D65D66AE7}.Production|Any CPU.ActiveCfg = Release|Any CPU
		{FF10A427-5CC9-4C4F-8AAA-FE6D65D66AE7}.Production|Any CPU.Build.0 = Release|Any CPU
		{FF10A427-5CC9-4C4F-8AAA-FE6D65D66AE7}.Production|x86.ActiveCfg = Release!|Any CPU
		{FF10A427-5CC9-4C4F-8AAA-FE6D65D66AE7}.Release!|Any CPU.ActiveCfg = Release!|Any CPU
		{FF10A427-5CC9-4C4F-8AAA-FE6D65D66AE7}.Release!|Any CPU.Build.0 = Release!|Any CPU
		{FF10A427-5CC9-4C4F-8AAA-FE6D65D66AE7}.Release!|x86.ActiveCfg = Release!|Any CPU
		{FF10A427-5CC9-4C4F-8AAA-FE6D65D66AE7}.Release|Any CPU.ActiveCfg = Release|Any CPU
		{FF10A427-5CC9-4C4F-8AAA-FE6D65D66AE7}.Release|x86.ActiveCfg = Release|Any CPU
		{FF10A427-5CC9-4C4F-8AAA-FE6D65D66AE7}.Release|x86.Build.0 = Release|Any CPU
	EndGlobalSection
	GlobalSection(MonoDevelopProperties) = preSolution
		StartupItem = TestSuite\TestSuite.csproj
	EndGlobalSection
	GlobalSection(SolutionProperties) = preSolution
		HideSolutionNode = FALSE
	EndGlobalSection
EndGlobal
