
Microsoft Visual Studio Solution File, Format Version 11.00
# Visual Studio 2010
Project("{FAE04EC0-301F-11D3-BF4B-00C04F79EFBC}") = "Geese", "ApolloGeese\Geese.csproj", "{C942E5BC-B6C5-4DF1-808C-71736F045B3D}"
EndProject
Project("{FAE04EC0-301F-11D3-BF4B-00C04F79EFBC}") = "Utensils", "ModularFunk\Utensils.csproj", "{0B73FD96-BBDF-4A93-AA1D-6138FC6E6364}"
EndProject
Project("{FAE04EC0-301F-11D3-BF4B-00C04F79EFBC}") = "Duckling", "Duckling\Duckling.csproj", "{4E2886F5-A220-45E7-A3DA-D60A98F2AC2D}"
EndProject
Project("{FAE04EC0-301F-11D3-BF4B-00C04F79EFBC}") = "BasicWeblings", "BasicWeblings\BasicWeblings.csproj", "{3E51D2C9-9409-4F18-A50A-5D81323E3B29}"
EndProject
Project("{FAE04EC0-301F-11D3-BF4B-00C04F79EFBC}") = "GeeseUI", "GeeseUI\GeeseUI.csproj", "{33D47D04-FD02-4B1D-8865-504B6B5A95C1}"
EndProject
Project("{FAE04EC0-301F-11D3-BF4B-00C04F79EFBC}") = "Designer", "Designer\Designer.csproj", "{921E6907-9D5D-40FB-A4C1-5F0C56894AC0}"
EndProject
Global
	GlobalSection(SolutionConfigurationPlatforms) = preSolution
		Debug|x86 = Debug|x86
		Release|x86 = Release|x86
		Debug|Any CPU = Debug|Any CPU
	EndGlobalSection
	GlobalSection(ProjectConfigurationPlatforms) = postSolution
		{0B73FD96-BBDF-4A93-AA1D-6138FC6E6364}.Debug|Any CPU.ActiveCfg = Debug|Any CPU
		{0B73FD96-BBDF-4A93-AA1D-6138FC6E6364}.Debug|Any CPU.Build.0 = Debug|Any CPU
		{0B73FD96-BBDF-4A93-AA1D-6138FC6E6364}.Debug|x86.ActiveCfg = Debug|Any CPU
		{0B73FD96-BBDF-4A93-AA1D-6138FC6E6364}.Debug|x86.Build.0 = Debug|Any CPU
		{0B73FD96-BBDF-4A93-AA1D-6138FC6E6364}.Release|x86.ActiveCfg = Release|Any CPU
		{0B73FD96-BBDF-4A93-AA1D-6138FC6E6364}.Release|x86.Build.0 = Release|Any CPU
		{33D47D04-FD02-4B1D-8865-504B6B5A95C1}.Debug|Any CPU.ActiveCfg = Debug|Any CPU
		{33D47D04-FD02-4B1D-8865-504B6B5A95C1}.Debug|Any CPU.Build.0 = Debug|Any CPU
		{33D47D04-FD02-4B1D-8865-504B6B5A95C1}.Debug|x86.ActiveCfg = Debug|Any CPU
		{33D47D04-FD02-4B1D-8865-504B6B5A95C1}.Release|x86.ActiveCfg = Release|Any CPU
		{3E51D2C9-9409-4F18-A50A-5D81323E3B29}.Debug|Any CPU.ActiveCfg = Debug|Any CPU
		{3E51D2C9-9409-4F18-A50A-5D81323E3B29}.Debug|Any CPU.Build.0 = Debug|Any CPU
		{3E51D2C9-9409-4F18-A50A-5D81323E3B29}.Debug|x86.ActiveCfg = Debug|Any CPU
		{3E51D2C9-9409-4F18-A50A-5D81323E3B29}.Debug|x86.Build.0 = Debug|Any CPU
		{3E51D2C9-9409-4F18-A50A-5D81323E3B29}.Release|x86.ActiveCfg = Release|Any CPU
		{3E51D2C9-9409-4F18-A50A-5D81323E3B29}.Release|x86.Build.0 = Release|Any CPU
		{4E2886F5-A220-45E7-A3DA-D60A98F2AC2D}.Debug|Any CPU.ActiveCfg = Debug|Any CPU
		{4E2886F5-A220-45E7-A3DA-D60A98F2AC2D}.Debug|Any CPU.Build.0 = Debug|Any CPU
		{4E2886F5-A220-45E7-A3DA-D60A98F2AC2D}.Debug|x86.ActiveCfg = Debug|Any CPU
		{4E2886F5-A220-45E7-A3DA-D60A98F2AC2D}.Debug|x86.Build.0 = Debug|Any CPU
		{4E2886F5-A220-45E7-A3DA-D60A98F2AC2D}.Release|x86.ActiveCfg = Release|Any CPU
		{4E2886F5-A220-45E7-A3DA-D60A98F2AC2D}.Release|x86.Build.0 = Release|Any CPU
		{921E6907-9D5D-40FB-A4C1-5F0C56894AC0}.Debug|Any CPU.ActiveCfg = Debug|Any CPU
		{921E6907-9D5D-40FB-A4C1-5F0C56894AC0}.Debug|Any CPU.Build.0 = Debug|Any CPU
		{921E6907-9D5D-40FB-A4C1-5F0C56894AC0}.Debug|x86.ActiveCfg = Debug|Any CPU
		{921E6907-9D5D-40FB-A4C1-5F0C56894AC0}.Debug|x86.Build.0 = Debug|Any CPU
		{921E6907-9D5D-40FB-A4C1-5F0C56894AC0}.Release|x86.ActiveCfg = Release|Any CPU
		{921E6907-9D5D-40FB-A4C1-5F0C56894AC0}.Release|x86.Build.0 = Release|Any CPU
		{C942E5BC-B6C5-4DF1-808C-71736F045B3D}.Debug|Any CPU.ActiveCfg = Debug|Any CPU
		{C942E5BC-B6C5-4DF1-808C-71736F045B3D}.Debug|Any CPU.Build.0 = Debug|Any CPU
		{C942E5BC-B6C5-4DF1-808C-71736F045B3D}.Debug|x86.ActiveCfg = Debug|x86
		{C942E5BC-B6C5-4DF1-808C-71736F045B3D}.Debug|x86.Build.0 = Debug|x86
		{C942E5BC-B6C5-4DF1-808C-71736F045B3D}.Release|x86.ActiveCfg = Release|x86
		{C942E5BC-B6C5-4DF1-808C-71736F045B3D}.Release|x86.Build.0 = Release|x86
	EndGlobalSection
	GlobalSection(MonoDevelopProperties) = preSolution
		StartupItem = ApolloGeese\Geese.csproj
	EndGlobalSection
EndGlobal
